
Microsoft Visual Studio Solution File, Format Version 12.00
# Visual Studio Version 17
VisualStudioVersion = 17.0.31903.59
MinimumVisualStudioVersion = 10.0.40219.1
Project("{FAE04EC0-301F-11D3-BF4B-00C04F79EFBC}") = "API", "API\API.csproj", "{E871CF49-68FA-4781-B57C-3A5D2A87C247}"
EndProject
Project("{FAE04EC0-301F-11D3-BF4B-00C04F79EFBC}") = "Application", "Application\Application.csproj", "{494FFC4A-5ACA-4726-B4FC-A23F6250AF94}"
EndProject
Project("{FAE04EC0-301F-11D3-BF4B-00C04F79EFBC}") = "Domain", "Domain\Domain.csproj", "{F488041E-5230-4069-836A-3E43CC75BAD6}"
EndProject
Project("{FAE04EC0-301F-11D3-BF4B-00C04F79EFBC}") = "Persistence", "Persistence\Persistence.csproj", "{F4D396B8-7652-4636-ABBE-16790F53A5A3}"
EndProject
Global
	GlobalSection(SolutionConfigurationPlatforms) = preSolution
		Debug|Any CPU = Debug|Any CPU
		Debug|x64 = Debug|x64
		Debug|x86 = Debug|x86
		Release|Any CPU = Release|Any CPU
		Release|x64 = Release|x64
		Release|x86 = Release|x86
	EndGlobalSection
	GlobalSection(ProjectConfigurationPlatforms) = postSolution
		{E871CF49-68FA-4781-B57C-3A5D2A87C247}.Debug|Any CPU.ActiveCfg = Debug|Any CPU
		{E871CF49-68FA-4781-B57C-3A5D2A87C247}.Debug|Any CPU.Build.0 = Debug|Any CPU
		{E871CF49-68FA-4781-B57C-3A5D2A87C247}.Debug|x64.ActiveCfg = Debug|Any CPU
		{E871CF49-68FA-4781-B57C-3A5D2A87C247}.Debug|x64.Build.0 = Debug|Any CPU
		{E871CF49-68FA-4781-B57C-3A5D2A87C247}.Debug|x86.ActiveCfg = Debug|Any CPU
		{E871CF49-68FA-4781-B57C-3A5D2A87C247}.Debug|x86.Build.0 = Debug|Any CPU
		{E871CF49-68FA-4781-B57C-3A5D2A87C247}.Release|Any CPU.ActiveCfg = Release|Any CPU
		{E871CF49-68FA-4781-B57C-3A5D2A87C247}.Release|Any CPU.Build.0 = Release|Any CPU
		{E871CF49-68FA-4781-B57C-3A5D2A87C247}.Release|x64.ActiveCfg = Release|Any CPU
		{E871CF49-68FA-4781-B57C-3A5D2A87C247}.Release|x64.Build.0 = Release|Any CPU
		{E871CF49-68FA-4781-B57C-3A5D2A87C247}.Release|x86.ActiveCfg = Release|Any CPU
		{E871CF49-68FA-4781-B57C-3A5D2A87C247}.Release|x86.Build.0 = Release|Any CPU
		{494FFC4A-5ACA-4726-B4FC-A23F6250AF94}.Debug|Any CPU.ActiveCfg = Debug|Any CPU
		{494FFC4A-5ACA-4726-B4FC-A23F6250AF94}.Debug|Any CPU.Build.0 = Debug|Any CPU
		{494FFC4A-5ACA-4726-B4FC-A23F6250AF94}.Debug|x64.ActiveCfg = Debug|Any CPU
		{494FFC4A-5ACA-4726-B4FC-A23F6250AF94}.Debug|x64.Build.0 = Debug|Any CPU
		{494FFC4A-5ACA-4726-B4FC-A23F6250AF94}.Debug|x86.ActiveCfg = Debug|Any CPU
		{494FFC4A-5ACA-4726-B4FC-A23F6250AF94}.Debug|x86.Build.0 = Debug|Any CPU
		{494FFC4A-5ACA-4726-B4FC-A23F6250AF94}.Release|Any CPU.ActiveCfg = Release|Any CPU
		{494FFC4A-5ACA-4726-B4FC-A23F6250AF94}.Release|Any CPU.Build.0 = Release|Any CPU
		{494FFC4A-5ACA-4726-B4FC-A23F6250AF94}.Release|x64.ActiveCfg = Release|Any CPU
		{494FFC4A-5ACA-4726-B4FC-A23F6250AF94}.Release|x64.Build.0 = Release|Any CPU
		{494FFC4A-5ACA-4726-B4FC-A23F6250AF94}.Release|x86.ActiveCfg = Release|Any CPU
		{494FFC4A-5ACA-4726-B4FC-A23F6250AF94}.Release|x86.Build.0 = Release|Any CPU
		{F488041E-5230-4069-836A-3E43CC75BAD6}.Debug|Any CPU.ActiveCfg = Debug|Any CPU
		{F488041E-5230-4069-836A-3E43CC75BAD6}.Debug|Any CPU.Build.0 = Debug|Any CPU
		{F488041E-5230-4069-836A-3E43CC75BAD6}.Debug|x64.ActiveCfg = Debug|Any CPU
		{F488041E-5230-4069-836A-3E43CC75BAD6}.Debug|x64.Build.0 = Debug|Any CPU
		{F488041E-5230-4069-836A-3E43CC75BAD6}.Debug|x86.ActiveCfg = Debug|Any CPU
		{F488041E-5230-4069-836A-3E43CC75BAD6}.Debug|x86.Build.0 = Debug|Any CPU
		{F488041E-5230-4069-836A-3E43CC75BAD6}.Release|Any CPU.ActiveCfg = Release|Any CPU
		{F488041E-5230-4069-836A-3E43CC75BAD6}.Release|Any CPU.Build.0 = Release|Any CPU
		{F488041E-5230-4069-836A-3E43CC75BAD6}.Release|x64.ActiveCfg = Release|Any CPU
		{F488041E-5230-4069-836A-3E43CC75BAD6}.Release|x64.Build.0 = Release|Any CPU
		{F488041E-5230-4069-836A-3E43CC75BAD6}.Release|x86.ActiveCfg = Release|Any CPU
		{F488041E-5230-4069-836A-3E43CC75BAD6}.Release|x86.Build.0 = Release|Any CPU
		{F4D396B8-7652-4636-ABBE-16790F53A5A3}.Debug|Any CPU.ActiveCfg = Debug|Any CPU
		{F4D396B8-7652-4636-ABBE-16790F53A5A3}.Debug|Any CPU.Build.0 = Debug|Any CPU
		{F4D396B8-7652-4636-ABBE-16790F53A5A3}.Debug|x64.ActiveCfg = Debug|Any CPU
		{F4D396B8-7652-4636-ABBE-16790F53A5A3}.Debug|x64.Build.0 = Debug|Any CPU
		{F4D396B8-7652-4636-ABBE-16790F53A5A3}.Debug|x86.ActiveCfg = Debug|Any CPU
		{F4D396B8-7652-4636-ABBE-16790F53A5A3}.Debug|x86.Build.0 = Debug|Any CPU
		{F4D396B8-7652-4636-ABBE-16790F53A5A3}.Release|Any CPU.ActiveCfg = Release|Any CPU
		{F4D396B8-7652-4636-ABBE-16790F53A5A3}.Release|Any CPU.Build.0 = Release|Any CPU
		{F4D396B8-7652-4636-ABBE-16790F53A5A3}.Release|x64.ActiveCfg = Release|Any CPU
		{F4D396B8-7652-4636-ABBE-16790F53A5A3}.Release|x64.Build.0 = Release|Any CPU
		{F4D396B8-7652-4636-ABBE-16790F53A5A3}.Release|x86.ActiveCfg = Release|Any CPU
		{F4D396B8-7652-4636-ABBE-16790F53A5A3}.Release|x86.Build.0 = Release|Any CPU
	EndGlobalSection
	GlobalSection(SolutionProperties) = preSolution
		HideSolutionNode = FALSE
	EndGlobalSection
EndGlobal
